// !$*UTF8*$!
{
	archiveVersion = 1;
	classes = {
	};
	objectVersion = 46;
	objects = {

/* Begin PBXBuildFile section */
		563ECC241B39BDB100531F02 /* AppDelegate.swift in Sources */ = {isa = PBXBuildFile; fileRef = 563ECC231B39BDB100531F02 /* AppDelegate.swift */; };
		563ECC261B39BDB100531F02 /* FirstViewController.swift in Sources */ = {isa = PBXBuildFile; fileRef = 563ECC251B39BDB100531F02 /* FirstViewController.swift */; };
		563ECC291B39BDB100531F02 /* Main.storyboard in Resources */ = {isa = PBXBuildFile; fileRef = 563ECC271B39BDB100531F02 /* Main.storyboard */; };
		563ECC2B1B39BDB100531F02 /* Images.xcassets in Resources */ = {isa = PBXBuildFile; fileRef = 563ECC2A1B39BDB100531F02 /* Images.xcassets */; };
		563ECC2E1B39BDB100531F02 /* LaunchScreen.xib in Resources */ = {isa = PBXBuildFile; fileRef = 563ECC2C1B39BDB100531F02 /* LaunchScreen.xib */; };
		563ECC3A1B39BDB100531F02 /* NavigationFunTests.swift in Sources */ = {isa = PBXBuildFile; fileRef = 563ECC391B39BDB100531F02 /* NavigationFunTests.swift */; };
		563ECC441B39BED900531F02 /* SecondViewController.swift in Sources */ = {isa = PBXBuildFile; fileRef = 563ECC431B39BED900531F02 /* SecondViewController.swift */; };
/* End PBXBuildFile section */

/* Begin PBXContainerItemProxy section */
		563ECC341B39BDB100531F02 /* PBXContainerItemProxy */ = {
			isa = PBXContainerItemProxy;
			containerPortal = 563ECC161B39BDB000531F02 /* Project object */;
			proxyType = 1;
			remoteGlobalIDString = 563ECC1D1B39BDB000531F02;
			remoteInfo = NavigationFun;
		};
/* End PBXContainerItemProxy section */

/* Begin PBXFileReference section */
		563ECC1E1B39BDB000531F02 /* NavigationFun.app */ = {isa = PBXFileReference; explicitFileType = wrapper.application; includeInIndex = 0; path = NavigationFun.app; sourceTree = BUILT_PRODUCTS_DIR; };
		563ECC221B39BDB100531F02 /* Info.plist */ = {isa = PBXFileReference; lastKnownFileType = text.plist.xml; path = Info.plist; sourceTree = "<group>"; };
		563ECC231B39BDB100531F02 /* AppDelegate.swift */ = {isa = PBXFileReference; lastKnownFileType = sourcecode.swift; path = AppDelegate.swift; sourceTree = "<group>"; };
		563ECC251B39BDB100531F02 /* FirstViewController.swift */ = {isa = PBXFileReference; lastKnownFileType = sourcecode.swift; path = FirstViewController.swift; sourceTree = "<group>"; };
		563ECC281B39BDB100531F02 /* Base */ = {isa = PBXFileReference; lastKnownFileType = file.storyboard; name = Base; path = Base.lproj/Main.storyboard; sourceTree = "<group>"; };
		563ECC2A1B39BDB100531F02 /* Images.xcassets */ = {isa = PBXFileReference; lastKnownFileType = folder.assetcatalog; path = Images.xcassets; sourceTree = "<group>"; };
		563ECC2D1B39BDB100531F02 /* Base */ = {isa = PBXFileReference; lastKnownFileType = file.xib; name = Base; path = Base.lproj/LaunchScreen.xib; sourceTree = "<group>"; };
		563ECC331B39BDB100531F02 /* NavigationFunTests.xctest */ = {isa = PBXFileReference; explicitFileType = wrapper.cfbundle; includeInIndex = 0; path = NavigationFunTests.xctest; sourceTree = BUILT_PRODUCTS_DIR; };
		563ECC381B39BDB100531F02 /* Info.plist */ = {isa = PBXFileReference; lastKnownFileType = text.plist.xml; path = Info.plist; sourceTree = "<group>"; };
		563ECC391B39BDB100531F02 /* NavigationFunTests.swift */ = {isa = PBXFileReference; lastKnownFileType = sourcecode.swift; path = NavigationFunTests.swift; sourceTree = "<group>"; };
		563ECC431B39BED900531F02 /* SecondViewController.swift */ = {isa = PBXFileReference; fileEncoding = 4; lastKnownFileType = sourcecode.swift; path = SecondViewController.swift; sourceTree = "<group>"; };
/* End PBXFileReference section */

/* Begin PBXFrameworksBuildPhase section */
		563ECC1B1B39BDB000531F02 /* Frameworks */ = {
			isa = PBXFrameworksBuildPhase;
			buildActionMask = 2147483647;
			files = (
			);
			runOnlyForDeploymentPostprocessing = 0;
		};
		563ECC301B39BDB100531F02 /* Frameworks */ = {
			isa = PBXFrameworksBuildPhase;
			buildActionMask = 2147483647;
			files = (
			);
			runOnlyForDeploymentPostprocessing = 0;
		};
/* End PBXFrameworksBuildPhase section */

/* Begin PBXGroup section */
		563ECC151B39BDB000531F02 = {
			isa = PBXGroup;
			children = (
				563ECC201B39BDB000531F02 /* NavigationFun */,
				563ECC361B39BDB100531F02 /* NavigationFunTests */,
				563ECC1F1B39BDB000531F02 /* Products */,
			);
			sourceTree = "<group>";
		};
		563ECC1F1B39BDB000531F02 /* Products */ = {
			isa = PBXGroup;
			children = (
				563ECC1E1B39BDB000531F02 /* NavigationFun.app */,
				563ECC331B39BDB100531F02 /* NavigationFunTests.xctest */,
			);
			name = Products;
			sourceTree = "<group>";
		};
		563ECC201B39BDB000531F02 /* NavigationFun */ = {
			isa = PBXGroup;
			children = (
				563ECC231B39BDB100531F02 /* AppDelegate.swift */,
				563ECC251B39BDB100531F02 /* FirstViewController.swift */,
				563ECC271B39BDB100531F02 /* Main.storyboard */,
				563ECC431B39BED900531F02 /* SecondViewController.swift */,
				563ECC2A1B39BDB100531F02 /* Images.xcassets */,
				563ECC2C1B39BDB100531F02 /* LaunchScreen.xib */,
				563ECC211B39BDB100531F02 /* Supporting Files */,
			);
			path = NavigationFun;
			sourceTree = "<group>";
		};
		563ECC211B39BDB100531F02 /* Supporting Files */ = {
			isa = PBXGroup;
			children = (
				563ECC221B39BDB100531F02 /* Info.plist */,
			);
			name = "Supporting Files";
			sourceTree = "<group>";
		};
		563ECC361B39BDB100531F02 /* NavigationFunTests */ = {
			isa = PBXGroup;
			children = (
				563ECC391B39BDB100531F02 /* NavigationFunTests.swift */,
				563ECC371B39BDB100531F02 /* Supporting Files */,
			);
			path = NavigationFunTests;
			sourceTree = "<group>";
		};
		563ECC371B39BDB100531F02 /* Supporting Files */ = {
			isa = PBXGroup;
			children = (
				563ECC381B39BDB100531F02 /* Info.plist */,
			);
			name = "Supporting Files";
			sourceTree = "<group>";
		};
/* End PBXGroup section */

/* Begin PBXNativeTarget section */
		563ECC1D1B39BDB000531F02 /* NavigationFun */ = {
			isa = PBXNativeTarget;
			buildConfigurationList = 563ECC3D1B39BDB100531F02 /* Build configuration list for PBXNativeTarget "NavigationFun" */;
			buildPhases = (
				563ECC1A1B39BDB000531F02 /* Sources */,
				563ECC1B1B39BDB000531F02 /* Frameworks */,
				563ECC1C1B39BDB000531F02 /* Resources */,
			);
			buildRules = (
			);
			dependencies = (
			);
			name = NavigationFun;
			productName = NavigationFun;
			productReference = 563ECC1E1B39BDB000531F02 /* NavigationFun.app */;
			productType = "com.apple.product-type.application";
		};
		563ECC321B39BDB100531F02 /* NavigationFunTests */ = {
			isa = PBXNativeTarget;
			buildConfigurationList = 563ECC401B39BDB100531F02 /* Build configuration list for PBXNativeTarget "NavigationFunTests" */;
			buildPhases = (
				563ECC2F1B39BDB100531F02 /* Sources */,
				563ECC301B39BDB100531F02 /* Frameworks */,
				563ECC311B39BDB100531F02 /* Resources */,
			);
			buildRules = (
			);
			dependencies = (
				563ECC351B39BDB100531F02 /* PBXTargetDependency */,
			);
			name = NavigationFunTests;
			productName = NavigationFunTests;
			productReference = 563ECC331B39BDB100531F02 /* NavigationFunTests.xctest */;
			productType = "com.apple.product-type.bundle.unit-test";
		};
/* End PBXNativeTarget section */

/* Begin PBXProject section */
		563ECC161B39BDB000531F02 /* Project object */ = {
			isa = PBXProject;
			attributes = {
				LastUpgradeCheck = 0630;
				ORGANIZATIONNAME = Unimodelo;
				TargetAttributes = {
					563ECC1D1B39BDB000531F02 = {
						CreatedOnToolsVersion = 6.3.2;
					};
					563ECC321B39BDB100531F02 = {
						CreatedOnToolsVersion = 6.3.2;
						TestTargetID = 563ECC1D1B39BDB000531F02;
					};
				};
			};
			buildConfigurationList = 563ECC191B39BDB000531F02 /* Build configuration list for PBXProject "NavigationFun" */;
			compatibilityVersion = "Xcode 3.2";
			developmentRegion = English;
			hasScannedForEncodings = 0;
			knownRegions = (
				en,
				Base,
			);
			mainGroup = 563ECC151B39BDB000531F02;
			productRefGroup = 563ECC1F1B39BDB000531F02 /* Products */;
			projectDirPath = "";
			projectRoot = "";
			targets = (
				563ECC1D1B39BDB000531F02 /* NavigationFun */,
				563ECC321B39BDB100531F02 /* NavigationFunTests */,
			);
		};
/* End PBXProject section */

/* Begin PBXResourcesBuildPhase section */
		563ECC1C1B39BDB000531F02 /* Resources */ = {
			isa = PBXResourcesBuildPhase;
			buildActionMask = 2147483647;
			files = (
				563ECC291B39BDB100531F02 /* Main.storyboard in Resources */,
				563ECC2E1B39BDB100531F02 /* LaunchScreen.xib in Resources */,
				563ECC2B1B39BDB100531F02 /* Images.xcassets in Resources */,
			);
			runOnlyForDeploymentPostprocessing = 0;
		};
		563ECC311B39BDB100531F02 /* Resources */ = {
			isa = PBXResourcesBuildPhase;
			buildActionMask = 2147483647;
			files = (
			);
			runOnlyForDeploymentPostprocessing = 0;
		};
/* End PBXResourcesBuildPhase section */

/* Begin PBXSourcesBuildPhase section */
		563ECC1A1B39BDB000531F02 /* Sources */ = {
			isa = PBXSourcesBuildPhase;
			buildActionMask = 2147483647;
			files = (
				563ECC441B39BED900531F02 /* SecondViewController.swift in Sources */,
				563ECC261B39BDB100531F02 /* FirstViewController.swift in Sources */,
				563ECC241B39BDB100531F02 /* AppDelegate.swift in Sources */,
			);
			runOnlyForDeploymentPostprocessing = 0;
		};
		563ECC2F1B39BDB100531F02 /* Sources */ = {
			isa = PBXSourcesBuildPhase;
			buildActionMask = 2147483647;
			files = (
				563ECC3A1B39BDB100531F02 /* NavigationFunTests.swift in Sources */,
			);
			runOnlyForDeploymentPostprocessing = 0;
		};
/* End PBXSourcesBuildPhase section */

/* Begin PBXTargetDependency section */
		563ECC351B39BDB100531F02 /* PBXTargetDependency */ = {
			isa = PBXTargetDependency;
			target = 563ECC1D1B39BDB000531F02 /* NavigationFun */;
			targetProxy = 563ECC341B39BDB100531F02 /* PBXContainerItemProxy */;
		};
/* End PBXTargetDependency section */

/* Begin PBXVariantGroup section */
		563ECC271B39BDB100531F02 /* Main.storyboard */ = {
			isa = PBXVariantGroup;
			children = (
				563ECC281B39BDB100531F02 /* Base */,
			);
			name = Main.storyboard;
			sourceTree = "<group>";
		};
		563ECC2C1B39BDB100531F02 /* LaunchScreen.xib */ = {
			isa = PBXVariantGroup;
			children = (
				563ECC2D1B39BDB100531F02 /* Base */,
			);
			name = LaunchScreen.xib;
			sourceTree = "<group>";
		};
/* End PBXVariantGroup section */

/* Begin XCBuildConfiguration section */
		563ECC3B1B39BDB100531F02 /* Debug */ = {
			isa = XCBuildConfiguration;
			buildSettings = {
				ALWAYS_SEARCH_USER_PATHS = NO;
				CLANG_CXX_LANGUAGE_STANDARD = "gnu++0x";
				CLANG_CXX_LIBRARY = "libc++";
				CLANG_ENABLE_MODULES = YES;
				CLANG_ENABLE_OBJC_ARC = YES;
				CLANG_WARN_BOOL_CONVERSION = YES;
				CLANG_WARN_CONSTANT_CONVERSION = YES;
				CLANG_WARN_DIRECT_OBJC_ISA_USAGE = YES_ERROR;
				CLANG_WARN_EMPTY_BODY = YES;
				CLANG_WARN_ENUM_CONVERSION = YES;
				CLANG_WARN_INT_CONVERSION = YES;
				CLANG_WARN_OBJC_ROOT_CLASS = YES_ERROR;
				CLANG_WARN_UNREACHABLE_CODE = YES;
				CLANG_WARN__DUPLICATE_METHOD_MATCH = YES;
				"CODE_SIGN_IDENTITY[sdk=iphoneos*]" = "iPhone Developer";
				COPY_PHASE_STRIP = NO;
				DEBUG_INFORMATION_FORMAT = "dwarf-with-dsym";
				ENABLE_STRICT_OBJC_MSGSEND = YES;
				GCC_C_LANGUAGE_STANDARD = gnu99;
				GCC_DYNAMIC_NO_PIC = NO;
				GCC_NO_COMMON_BLOCKS = YES;
				GCC_OPTIMIZATION_LEVEL = 0;
				GCC_PREPROCESSOR_DEFINITIONS = (
					"DEBUG=1",
					"$(inherited)",
				);
				GCC_SYMBOLS_PRIVATE_EXTERN = NO;
				GCC_WARN_64_TO_32_BIT_CONVERSION = YES;
				GCC_WARN_ABOUT_RETURN_TYPE = YES_ERROR;
				GCC_WARN_UNDECLARED_SELECTOR = YES;
				GCC_WARN_UNINITIALIZED_AUTOS = YES_AGGRESSIVE;
				GCC_WARN_UNUSED_FUNCTION = YES;
				GCC_WARN_UNUSED_VARIABLE = YES;
				IPHONEOS_DEPLOYMENT_TARGET = 8.3;
				MTL_ENABLE_DEBUG_INFO = YES;
				ONLY_ACTIVE_ARCH = YES;
				SDKROOT = iphoneos;
				SWIFT_OPTIMIZATION_LEVEL = "-Onone";
			};
			name = Debug;
		};
		563ECC3C1B39BDB100531F02 /* Release */ = {
			isa = XCBuildConfiguration;
			buildSettings = {
				ALWAYS_SEARCH_USER_PATHS = NO;
				CLANG_CXX_LANGUAGE_STANDARD = "gnu++0x";
				CLANG_CXX_LIBRARY = "libc++";
				CLANG_ENABLE_MODULES = YES;
				CLANG_ENABLE_OBJC_ARC = YES;
				CLANG_WARN_BOOL_CONVERSION = YES;
				CLANG_WARN_CONSTANT_CONVERSION = YES;
				CLANG_WARN_DIRECT_OBJC_ISA_USAGE = YES_ERROR;
				CLANG_WARN_EMPTY_BODY = YES;
				CLANG_WARN_ENUM_CONVERSION = YES;
				CLANG_WARN_INT_CONVERSION = YES;
				CLANG_WARN_OBJC_ROOT_CLASS = YES_ERROR;
				CLANG_WARN_UNREACHABLE_CODE = YES;
				CLANG_WARN__DUPLICATE_METHOD_MATCH = YES;
				"CODE_SIGN_IDENTITY[sdk=iphoneos*]" = "iPhone Developer";
				COPY_PHASE_STRIP = NO;
				DEBUG_INFORMATION_FORMAT = "dwarf-with-dsym";
				ENABLE_NS_ASSERTIONS = NO;
				ENABLE_STRICT_OBJC_MSGSEND = YES;
				GCC_C_LANGUAGE_STANDARD = gnu99;
				GCC_NO_COMMON_BLOCKS = YES;
				GCC_WARN_64_TO_32_BIT_CONVERSION = YES;
				GCC_WARN_ABOUT_RETURN_TYPE = YES_ERROR;
				GCC_WARN_UNDECLARED_SELECTOR = YES;
				GCC_WARN_UNINITIALIZED_AUTOS = YES_AGGRESSIVE;
				GCC_WARN_UNUSED_FUNCTION = YES;
				GCC_WARN_UNUSED_VARIABLE = YES;
				IPHONEOS_DEPLOYMENT_TARGET = 8.3;
				MTL_ENABLE_DEBUG_INFO = NO;
				SDKROOT = iphoneos;
				VALIDATE_PRODUCT = YES;
			};
			name = Release;
		};
		563ECC3E1B39BDB100531F02 /* Debug */ = {
			isa = XCBuildConfiguration;
			buildSettings = {
				ASSETCATALOG_COMPILER_APPICON_NAME = AppIcon;
				INFOPLIST_FILE = NavigationFun/Info.plist;
				LD_RUNPATH_SEARCH_PATHS = "$(inherited) @executable_path/Frameworks";
				PRODUCT_NAME = "$(TARGET_NAME)";
			};
			name = Debug;
		};
		563ECC3F1B39BDB100531F02 /* Release */ = {
			isa = XCBuildConfiguration;
			buildSettings = {
				ASSETCATALOG_COMPILER_APPICON_NAME = AppIcon;
				INFOPLIST_FILE = NavigationFun/Info.plist;
				LD_RUNPATH_SEARCH_PATHS = "$(inherited) @executable_path/Frameworks";
				PRODUCT_NAME = "$(TARGET_NAME)";
			};
			name = Release;
		};
		563ECC411B39BDB100531F02 /* Debug */ = {
			isa = XCBuildConfiguration;
			buildSettings = {
				BUNDLE_LOADER = "$(TEST_HOST)";
				FRAMEWORK_SEARCH_PATHS = (
					"$(SDKROOT)/Developer/Library/Frameworks",
					"$(inherited)",
				);
				GCC_PREPROCESSOR_DEFINITIONS = (
					"DEBUG=1",
					"$(inherited)",
				);
				INFOPLIST_FILE = NavigationFunTests/Info.plist;
				LD_RUNPATH_SEARCH_PATHS = "$(inherited) @executable_path/Frameworks @loader_path/Frameworks";
				PRODUCT_NAME = "$(TARGET_NAME)";
				TEST_HOST = "$(BUILT_PRODUCTS_DIR)/NavigationFun.app/NavigationFun";
			};
			name = Debug;
		};
		563ECC421B39BDB100531F02 /* Release */ = {
			isa = XCBuildConfiguration;
			buildSettings = {
				BUNDLE_LOADER = "$(TEST_HOST)";
				FRAMEWORK_SEARCH_PATHS = (
					"$(SDKROOT)/Developer/Library/Frameworks",
					"$(inherited)",
				);
				INFOPLIST_FILE = NavigationFunTests/Info.plist;
				LD_RUNPATH_SEARCH_PATHS = "$(inherited) @executable_path/Frameworks @loader_path/Frameworks";
				PRODUCT_NAME = "$(TARGET_NAME)";
				TEST_HOST = "$(BUILT_PRODUCTS_DIR)/NavigationFun.app/NavigationFun";
			};
			name = Release;
		};
/* End XCBuildConfiguration section */

/* Begin XCConfigurationList section */
		563ECC191B39BDB000531F02 /* Build configuration list for PBXProject "NavigationFun" */ = {
			isa = XCConfigurationList;
			buildConfigurations = (
				563ECC3B1B39BDB100531F02 /* Debug */,
				563ECC3C1B39BDB100531F02 /* Release */,
			);
			defaultConfigurationIsVisible = 0;
			defaultConfigurationName = Release;
		};
		563ECC3D1B39BDB100531F02 /* Build configuration list for PBXNativeTarget "NavigationFun" */ = {
			isa = XCConfigurationList;
			buildConfigurations = (
				563ECC3E1B39BDB100531F02 /* Debug */,
				563ECC3F1B39BDB100531F02 /* Release */,
			);
			defaultConfigurationIsVisible = 0;
		};
		563ECC401B39BDB100531F02 /* Build configuration list for PBXNativeTarget "NavigationFunTests" */ = {
			isa = XCConfigurationList;
			buildConfigurations = (
				563ECC411B39BDB100531F02 /* Debug */,
				563ECC421B39BDB100531F02 /* Release */,
			);
			defaultConfigurationIsVisible = 0;
		};
/* End XCConfigurationList section */
	};
	rootObject = 563ECC161B39BDB000531F02 /* Project object */;
}
